
Microsoft Visual Studio Solution File, Format Version 12.00
# Visual Studio 15
VisualStudioVersion = 15.0.27004.2006
MinimumVisualStudioVersion = 10.0.40219.1
Project("{9A19103F-16F7-4668-BE54-9A1E7A4F7556}") = "CityApi", "CityApi\CityApi.csproj", "{96F19E1D-FF2D-4FCC-B46C-FB68E7D78B25}"
EndProject
Project("{9A19103F-16F7-4668-BE54-9A1E7A4F7556}") = "CityApi.IntegrationTests", "CityApi.IntegrationTesting\CityApi.IntegrationTests.csproj", "{D2B0DA31-ED97-4DC2-89C9-C9BAF24A8B61}"
EndProject
Global
	GlobalSection(SolutionConfigurationPlatforms) = preSolution
		Debug|Any CPU = Debug|Any CPU
		Release|Any CPU = Release|Any CPU
	EndGlobalSection
	GlobalSection(ProjectConfigurationPlatforms) = postSolution
		{96F19E1D-FF2D-4FCC-B46C-FB68E7D78B25}.Debug|Any CPU.ActiveCfg = Debug|Any CPU
		{96F19E1D-FF2D-4FCC-B46C-FB68E7D78B25}.Debug|Any CPU.Build.0 = Debug|Any CPU
		{96F19E1D-FF2D-4FCC-B46C-FB68E7D78B25}.Release|Any CPU.ActiveCfg = Release|Any CPU
		{96F19E1D-FF2D-4FCC-B46C-FB68E7D78B25}.Release|Any CPU.Build.0 = Release|Any CPU
		{D2B0DA31-ED97-4DC2-89C9-C9BAF24A8B61}.Debug|Any CPU.ActiveCfg = Debug|Any CPU
		{D2B0DA31-ED97-4DC2-89C9-C9BAF24A8B61}.Debug|Any CPU.Build.0 = Debug|Any CPU
		{D2B0DA31-ED97-4DC2-89C9-C9BAF24A8B61}.Release|Any CPU.ActiveCfg = Release|Any CPU
		{D2B0DA31-ED97-4DC2-89C9-C9BAF24A8B61}.Release|Any CPU.Build.0 = Release|Any CPU
	EndGlobalSection
	GlobalSection(SolutionProperties) = preSolution
		HideSolutionNode = FALSE
	EndGlobalSection
	GlobalSection(ExtensibilityGlobals) = postSolution
		SolutionGuid = {B8FD3D13-10EA-4A81-A8BB-F038D71F64E8}
	EndGlobalSection
EndGlobal
